
Microsoft Visual Studio Solution File, Format Version 12.00
# Visual Studio Version 17
VisualStudioVersion = 17.8.0.0
MinimumVisualStudioVersion = 17.8.0.0
Project("{9A19103F-16F7-4668-BE54-9A1E7A4F7556}") = "SaaSPlatform.AppHost", "SaaSPlatform.AppHost\SaaSPlatform.AppHost.csproj", "{EB78EA36-B057-4263-AE0F-53D03799C7B6}"
EndProject
Project("{9A19103F-16F7-4668-BE54-9A1E7A4F7556}") = "SaaSPlatform.ServiceDefaults", "SaaSPlatform.ServiceDefaults\SaaSPlatform.ServiceDefaults.csproj", "{BB7D6942-0FF5-4E94-86ED-F86956CC03EC}"
EndProject
Project("{2150E333-8FDC-42A3-9474-1A3956D46DE8}") = "src", "src", "{827E0CD3-B72D-47B6-A68D-7590B98EB39B}"
EndProject
Project("{2150E333-8FDC-42A3-9474-1A3956D46DE8}") = "Core", "Core", "{8D626EA8-CB54-BC41-363A-217881BEBA6E}"
EndProject
Project("{FAE04EC0-301F-11D3-BF4B-00C04F79EFBC}") = "SaaSPlatform.Domain", "src\Core\SaaSPlatform.Domain\SaaSPlatform.Domain.csproj", "{92648A41-8BDC-4081-B52E-CE7935ED0D2E}"
EndProject
Project("{2150E333-8FDC-42A3-9474-1A3956D46DE8}") = "Application", "Application", "{22BAF98C-8415-17C4-B26A-D537657BC863}"
EndProject
Project("{FAE04EC0-301F-11D3-BF4B-00C04F79EFBC}") = "SaaSPlatform.Application", "src\Application\SaaSPlatform.Application\SaaSPlatform.Application.csproj", "{BE392C7E-6953-4659-A3EC-F47671E0BD23}"
EndProject
Project("{2150E333-8FDC-42A3-9474-1A3956D46DE8}") = "Infrastructure", "Infrastructure", "{9048EB7F-3875-A59E-E36B-5BD4C6F2A282}"
EndProject
Project("{FAE04EC0-301F-11D3-BF4B-00C04F79EFBC}") = "SaaSPlatform.Infrastructure", "src\Infrastructure\SaaSPlatform.Infrastructure\SaaSPlatform.Infrastructure.csproj", "{E4A3BFAD-0950-4439-A3F8-83F24E2F46F9}"
EndProject
Project("{2150E333-8FDC-42A3-9474-1A3956D46DE8}") = "Api", "Api", "{81034408-37C8-1011-444E-4C15C2FADA8E}"
EndProject
Project("{FAE04EC0-301F-11D3-BF4B-00C04F79EFBC}") = "SaaSPlatform.Api", "src\Api\SaaSPlatform.Api\SaaSPlatform.Api.csproj", "{A35F463E-6EBF-4E0D-A1FD-D7150CF2DA71}"
EndProject
Project("{2150E333-8FDC-42A3-9474-1A3956D46DE8}") = "Presentation", "Presentation", "{6996BBF7-DB31-59BC-C7DD-9A7CCC6138C4}"
EndProject
Project("{FAE04EC0-301F-11D3-BF4B-00C04F79EFBC}") = "SaaSPlatform.Web.Client", "src\Presentation\SaaSPlatform.Web.Client\SaaSPlatform.Web.Client.csproj", "{85450C5C-4571-4174-B71E-642055B05AB1}"
EndProject
Project("{FAE04EC0-301F-11D3-BF4B-00C04F79EFBC}") = "SaaSPlatform.Web.Admin", "src\Presentation\SaaSPlatform.Web.Admin\SaaSPlatform.Web.Admin.csproj", "{1392C798-F5F7-4EEB-85B0-53F4F8351254}"
EndProject
Project("{2150E333-8FDC-42A3-9474-1A3956D46DE8}") = "tests", "tests", "{0AB3BF05-4346-4AA6-1389-037BE0695223}"
EndProject
Project("{FAE04EC0-301F-11D3-BF4B-00C04F79EFBC}") = "SaaSPlatform.Domain.Tests", "tests\SaaSPlatform.Domain.Tests\SaaSPlatform.Domain.Tests.csproj", "{63FF8D8A-49B3-422F-9F3D-157564337C49}"
EndProject
Project("{FAE04EC0-301F-11D3-BF4B-00C04F79EFBC}") = "SaaSPlatform.Application.Tests", "tests\SaaSPlatform.Application.Tests\SaaSPlatform.Application.Tests.csproj", "{BF7FC385-4F80-4DED-88E6-06FE05D3360A}"
EndProject
Project("{FAE04EC0-301F-11D3-BF4B-00C04F79EFBC}") = "SaaSPlatform.Infrastructure.Tests", "tests\SaaSPlatform.Infrastructure.Tests\SaaSPlatform.Infrastructure.Tests.csproj", "{790DB53F-7761-4232-8727-C35F989A084C}"
EndProject
Project("{FAE04EC0-301F-11D3-BF4B-00C04F79EFBC}") = "SaaSPlatform.Api.Tests", "tests\SaaSPlatform.Api.Tests\SaaSPlatform.Api.Tests.csproj", "{8259F458-34E5-4C7E-B541-6CF8C434D815}"
EndProject
Project("{FAE04EC0-301F-11D3-BF4B-00C04F79EFBC}") = "SaaSPlatform.Web.Client.Mvc", "src\Presentation\SaaSPlatform.Web.Client.Mvc\SaaSPlatform.Web.Client.Mvc.csproj", "{105F7FC4-1F2C-447C-8653-B1D46265FACF}"
EndProject
Project("{FAE04EC0-301F-11D3-BF4B-00C04F79EFBC}") = "SaaSPlatform.Web.Admin.Mvc", "src\Presentation\SaaSPlatform.Web.Admin.Mvc\SaaSPlatform.Web.Admin.Mvc.csproj", "{53C52B1C-8116-4EB3-8EA0-E8F11293D0BF}"
EndProject
Global
	GlobalSection(SolutionConfigurationPlatforms) = preSolution
		Debug|Any CPU = Debug|Any CPU
		Debug|x64 = Debug|x64
		Debug|x86 = Debug|x86
		Release|Any CPU = Release|Any CPU
		Release|x64 = Release|x64
		Release|x86 = Release|x86
	EndGlobalSection
	GlobalSection(ProjectConfigurationPlatforms) = postSolution
		{EB78EA36-B057-4263-AE0F-53D03799C7B6}.Debug|Any CPU.ActiveCfg = Debug|Any CPU
		{EB78EA36-B057-4263-AE0F-53D03799C7B6}.Debug|Any CPU.Build.0 = Debug|Any CPU
		{EB78EA36-B057-4263-AE0F-53D03799C7B6}.Debug|x64.ActiveCfg = Debug|Any CPU
		{EB78EA36-B057-4263-AE0F-53D03799C7B6}.Debug|x64.Build.0 = Debug|Any CPU
		{EB78EA36-B057-4263-AE0F-53D03799C7B6}.Debug|x86.ActiveCfg = Debug|Any CPU
		{EB78EA36-B057-4263-AE0F-53D03799C7B6}.Debug|x86.Build.0 = Debug|Any CPU
		{EB78EA36-B057-4263-AE0F-53D03799C7B6}.Release|Any CPU.ActiveCfg = Release|Any CPU
		{EB78EA36-B057-4263-AE0F-53D03799C7B6}.Release|Any CPU.Build.0 = Release|Any CPU
		{EB78EA36-B057-4263-AE0F-53D03799C7B6}.Release|x64.ActiveCfg = Release|Any CPU
		{EB78EA36-B057-4263-AE0F-53D03799C7B6}.Release|x64.Build.0 = Release|Any CPU
		{EB78EA36-B057-4263-AE0F-53D03799C7B6}.Release|x86.ActiveCfg = Release|Any CPU
		{EB78EA36-B057-4263-AE0F-53D03799C7B6}.Release|x86.Build.0 = Release|Any CPU
		{BB7D6942-0FF5-4E94-86ED-F86956CC03EC}.Debug|Any CPU.ActiveCfg = Debug|Any CPU
		{BB7D6942-0FF5-4E94-86ED-F86956CC03EC}.Debug|Any CPU.Build.0 = Debug|Any CPU
		{BB7D6942-0FF5-4E94-86ED-F86956CC03EC}.Debug|x64.ActiveCfg = Debug|Any CPU
		{BB7D6942-0FF5-4E94-86ED-F86956CC03EC}.Debug|x64.Build.0 = Debug|Any CPU
		{BB7D6942-0FF5-4E94-86ED-F86956CC03EC}.Debug|x86.ActiveCfg = Debug|Any CPU
		{BB7D6942-0FF5-4E94-86ED-F86956CC03EC}.Debug|x86.Build.0 = Debug|Any CPU
		{BB7D6942-0FF5-4E94-86ED-F86956CC03EC}.Release|Any CPU.ActiveCfg = Release|Any CPU
		{BB7D6942-0FF5-4E94-86ED-F86956CC03EC}.Release|Any CPU.Build.0 = Release|Any CPU
		{BB7D6942-0FF5-4E94-86ED-F86956CC03EC}.Release|x64.ActiveCfg = Release|Any CPU
		{BB7D6942-0FF5-4E94-86ED-F86956CC03EC}.Release|x64.Build.0 = Release|Any CPU
		{BB7D6942-0FF5-4E94-86ED-F86956CC03EC}.Release|x86.ActiveCfg = Release|Any CPU
		{BB7D6942-0FF5-4E94-86ED-F86956CC03EC}.Release|x86.Build.0 = Release|Any CPU
		{92648A41-8BDC-4081-B52E-CE7935ED0D2E}.Debug|Any CPU.ActiveCfg = Debug|Any CPU
		{92648A41-8BDC-4081-B52E-CE7935ED0D2E}.Debug|Any CPU.Build.0 = Debug|Any CPU
		{92648A41-8BDC-4081-B52E-CE7935ED0D2E}.Debug|x64.ActiveCfg = Debug|Any CPU
		{92648A41-8BDC-4081-B52E-CE7935ED0D2E}.Debug|x64.Build.0 = Debug|Any CPU
		{92648A41-8BDC-4081-B52E-CE7935ED0D2E}.Debug|x86.ActiveCfg = Debug|Any CPU
		{92648A41-8BDC-4081-B52E-CE7935ED0D2E}.Debug|x86.Build.0 = Debug|Any CPU
		{92648A41-8BDC-4081-B52E-CE7935ED0D2E}.Release|Any CPU.ActiveCfg = Release|Any CPU
		{92648A41-8BDC-4081-B52E-CE7935ED0D2E}.Release|Any CPU.Build.0 = Release|Any CPU
		{92648A41-8BDC-4081-B52E-CE7935ED0D2E}.Release|x64.ActiveCfg = Release|Any CPU
		{92648A41-8BDC-4081-B52E-CE7935ED0D2E}.Release|x64.Build.0 = Release|Any CPU
		{92648A41-8BDC-4081-B52E-CE7935ED0D2E}.Release|x86.ActiveCfg = Release|Any CPU
		{92648A41-8BDC-4081-B52E-CE7935ED0D2E}.Release|x86.Build.0 = Release|Any CPU
		{BE392C7E-6953-4659-A3EC-F47671E0BD23}.Debug|Any CPU.ActiveCfg = Debug|Any CPU
		{BE392C7E-6953-4659-A3EC-F47671E0BD23}.Debug|Any CPU.Build.0 = Debug|Any CPU
		{BE392C7E-6953-4659-A3EC-F47671E0BD23}.Debug|x64.ActiveCfg = Debug|Any CPU
		{BE392C7E-6953-4659-A3EC-F47671E0BD23}.Debug|x64.Build.0 = Debug|Any CPU
		{BE392C7E-6953-4659-A3EC-F47671E0BD23}.Debug|x86.ActiveCfg = Debug|Any CPU
		{BE392C7E-6953-4659-A3EC-F47671E0BD23}.Debug|x86.Build.0 = Debug|Any CPU
		{BE392C7E-6953-4659-A3EC-F47671E0BD23}.Release|Any CPU.ActiveCfg = Release|Any CPU
		{BE392C7E-6953-4659-A3EC-F47671E0BD23}.Release|Any CPU.Build.0 = Release|Any CPU
		{BE392C7E-6953-4659-A3EC-F47671E0BD23}.Release|x64.ActiveCfg = Release|Any CPU
		{BE392C7E-6953-4659-A3EC-F47671E0BD23}.Release|x64.Build.0 = Release|Any CPU
		{BE392C7E-6953-4659-A3EC-F47671E0BD23}.Release|x86.ActiveCfg = Release|Any CPU
		{BE392C7E-6953-4659-A3EC-F47671E0BD23}.Release|x86.Build.0 = Release|Any CPU
		{E4A3BFAD-0950-4439-A3F8-83F24E2F46F9}.Debug|Any CPU.ActiveCfg = Debug|Any CPU
		{E4A3BFAD-0950-4439-A3F8-83F24E2F46F9}.Debug|Any CPU.Build.0 = Debug|Any CPU
		{E4A3BFAD-0950-4439-A3F8-83F24E2F46F9}.Debug|x64.ActiveCfg = Debug|Any CPU
		{E4A3BFAD-0950-4439-A3F8-83F24E2F46F9}.Debug|x64.Build.0 = Debug|Any CPU
		{E4A3BFAD-0950-4439-A3F8-83F24E2F46F9}.Debug|x86.ActiveCfg = Debug|Any CPU
		{E4A3BFAD-0950-4439-A3F8-83F24E2F46F9}.Debug|x86.Build.0 = Debug|Any CPU
		{E4A3BFAD-0950-4439-A3F8-83F24E2F46F9}.Release|Any CPU.ActiveCfg = Release|Any CPU
		{E4A3BFAD-0950-4439-A3F8-83F24E2F46F9}.Release|Any CPU.Build.0 = Release|Any CPU
		{E4A3BFAD-0950-4439-A3F8-83F24E2F46F9}.Release|x64.ActiveCfg = Release|Any CPU
		{E4A3BFAD-0950-4439-A3F8-83F24E2F46F9}.Release|x64.Build.0 = Release|Any CPU
		{E4A3BFAD-0950-4439-A3F8-83F24E2F46F9}.Release|x86.ActiveCfg = Release|Any CPU
		{E4A3BFAD-0950-4439-A3F8-83F24E2F46F9}.Release|x86.Build.0 = Release|Any CPU
		{A35F463E-6EBF-4E0D-A1FD-D7150CF2DA71}.Debug|Any CPU.ActiveCfg = Debug|Any CPU
		{A35F463E-6EBF-4E0D-A1FD-D7150CF2DA71}.Debug|Any CPU.Build.0 = Debug|Any CPU
		{A35F463E-6EBF-4E0D-A1FD-D7150CF2DA71}.Debug|x64.ActiveCfg = Debug|Any CPU
		{A35F463E-6EBF-4E0D-A1FD-D7150CF2DA71}.Debug|x64.Build.0 = Debug|Any CPU
		{A35F463E-6EBF-4E0D-A1FD-D7150CF2DA71}.Debug|x86.ActiveCfg = Debug|Any CPU
		{A35F463E-6EBF-4E0D-A1FD-D7150CF2DA71}.Debug|x86.Build.0 = Debug|Any CPU
		{A35F463E-6EBF-4E0D-A1FD-D7150CF2DA71}.Release|Any CPU.ActiveCfg = Release|Any CPU
		{A35F463E-6EBF-4E0D-A1FD-D7150CF2DA71}.Release|Any CPU.Build.0 = Release|Any CPU
		{A35F463E-6EBF-4E0D-A1FD-D7150CF2DA71}.Release|x64.ActiveCfg = Release|Any CPU
		{A35F463E-6EBF-4E0D-A1FD-D7150CF2DA71}.Release|x64.Build.0 = Release|Any CPU
		{A35F463E-6EBF-4E0D-A1FD-D7150CF2DA71}.Release|x86.ActiveCfg = Release|Any CPU
		{A35F463E-6EBF-4E0D-A1FD-D7150CF2DA71}.Release|x86.Build.0 = Release|Any CPU
		{85450C5C-4571-4174-B71E-642055B05AB1}.Debug|Any CPU.ActiveCfg = Debug|Any CPU
		{85450C5C-4571-4174-B71E-642055B05AB1}.Debug|Any CPU.Build.0 = Debug|Any CPU
		{85450C5C-4571-4174-B71E-642055B05AB1}.Debug|x64.ActiveCfg = Debug|Any CPU
		{85450C5C-4571-4174-B71E-642055B05AB1}.Debug|x64.Build.0 = Debug|Any CPU
		{85450C5C-4571-4174-B71E-642055B05AB1}.Debug|x86.ActiveCfg = Debug|Any CPU
		{85450C5C-4571-4174-B71E-642055B05AB1}.Debug|x86.Build.0 = Debug|Any CPU
		{85450C5C-4571-4174-B71E-642055B05AB1}.Release|Any CPU.ActiveCfg = Release|Any CPU
		{85450C5C-4571-4174-B71E-642055B05AB1}.Release|Any CPU.Build.0 = Release|Any CPU
		{85450C5C-4571-4174-B71E-642055B05AB1}.Release|x64.ActiveCfg = Release|Any CPU
		{85450C5C-4571-4174-B71E-642055B05AB1}.Release|x64.Build.0 = Release|Any CPU
		{85450C5C-4571-4174-B71E-642055B05AB1}.Release|x86.ActiveCfg = Release|Any CPU
		{85450C5C-4571-4174-B71E-642055B05AB1}.Release|x86.Build.0 = Release|Any CPU
		{1392C798-F5F7-4EEB-85B0-53F4F8351254}.Debug|Any CPU.ActiveCfg = Debug|Any CPU
		{1392C798-F5F7-4EEB-85B0-53F4F8351254}.Debug|Any CPU.Build.0 = Debug|Any CPU
		{1392C798-F5F7-4EEB-85B0-53F4F8351254}.Debug|x64.ActiveCfg = Debug|Any CPU
		{1392C798-F5F7-4EEB-85B0-53F4F8351254}.Debug|x64.Build.0 = Debug|Any CPU
		{1392C798-F5F7-4EEB-85B0-53F4F8351254}.Debug|x86.ActiveCfg = Debug|Any CPU
		{1392C798-F5F7-4EEB-85B0-53F4F8351254}.Debug|x86.Build.0 = Debug|Any CPU
		{1392C798-F5F7-4EEB-85B0-53F4F8351254}.Release|Any CPU.ActiveCfg = Release|Any CPU
		{1392C798-F5F7-4EEB-85B0-53F4F8351254}.Release|Any CPU.Build.0 = Release|Any CPU
		{1392C798-F5F7-4EEB-85B0-53F4F8351254}.Release|x64.ActiveCfg = Release|Any CPU
		{1392C798-F5F7-4EEB-85B0-53F4F8351254}.Release|x64.Build.0 = Release|Any CPU
		{1392C798-F5F7-4EEB-85B0-53F4F8351254}.Release|x86.ActiveCfg = Release|Any CPU
		{1392C798-F5F7-4EEB-85B0-53F4F8351254}.Release|x86.Build.0 = Release|Any CPU
		{63FF8D8A-49B3-422F-9F3D-157564337C49}.Debug|Any CPU.ActiveCfg = Debug|Any CPU
		{63FF8D8A-49B3-422F-9F3D-157564337C49}.Debug|Any CPU.Build.0 = Debug|Any CPU
		{63FF8D8A-49B3-422F-9F3D-157564337C49}.Debug|x64.ActiveCfg = Debug|Any CPU
		{63FF8D8A-49B3-422F-9F3D-157564337C49}.Debug|x64.Build.0 = Debug|Any CPU
		{63FF8D8A-49B3-422F-9F3D-157564337C49}.Debug|x86.ActiveCfg = Debug|Any CPU
		{63FF8D8A-49B3-422F-9F3D-157564337C49}.Debug|x86.Build.0 = Debug|Any CPU
		{63FF8D8A-49B3-422F-9F3D-157564337C49}.Release|Any CPU.ActiveCfg = Release|Any CPU
		{63FF8D8A-49B3-422F-9F3D-157564337C49}.Release|Any CPU.Build.0 = Release|Any CPU
		{63FF8D8A-49B3-422F-9F3D-157564337C49}.Release|x64.ActiveCfg = Release|Any CPU
		{63FF8D8A-49B3-422F-9F3D-157564337C49}.Release|x64.Build.0 = Release|Any CPU
		{63FF8D8A-49B3-422F-9F3D-157564337C49}.Release|x86.ActiveCfg = Release|Any CPU
		{63FF8D8A-49B3-422F-9F3D-157564337C49}.Release|x86.Build.0 = Release|Any CPU
		{BF7FC385-4F80-4DED-88E6-06FE05D3360A}.Debug|Any CPU.ActiveCfg = Debug|Any CPU
		{BF7FC385-4F80-4DED-88E6-06FE05D3360A}.Debug|Any CPU.Build.0 = Debug|Any CPU
		{BF7FC385-4F80-4DED-88E6-06FE05D3360A}.Debug|x64.ActiveCfg = Debug|Any CPU
		{BF7FC385-4F80-4DED-88E6-06FE05D3360A}.Debug|x64.Build.0 = Debug|Any CPU
		{BF7FC385-4F80-4DED-88E6-06FE05D3360A}.Debug|x86.ActiveCfg = Debug|Any CPU
		{BF7FC385-4F80-4DED-88E6-06FE05D3360A}.Debug|x86.Build.0 = Debug|Any CPU
		{BF7FC385-4F80-4DED-88E6-06FE05D3360A}.Release|Any CPU.ActiveCfg = Release|Any CPU
		{BF7FC385-4F80-4DED-88E6-06FE05D3360A}.Release|Any CPU.Build.0 = Release|Any CPU
		{BF7FC385-4F80-4DED-88E6-06FE05D3360A}.Release|x64.ActiveCfg = Release|Any CPU
		{BF7FC385-4F80-4DED-88E6-06FE05D3360A}.Release|x64.Build.0 = Release|Any CPU
		{BF7FC385-4F80-4DED-88E6-06FE05D3360A}.Release|x86.ActiveCfg = Release|Any CPU
		{BF7FC385-4F80-4DED-88E6-06FE05D3360A}.Release|x86.Build.0 = Release|Any CPU
		{790DB53F-7761-4232-8727-C35F989A084C}.Debug|Any CPU.ActiveCfg = Debug|Any CPU
		{790DB53F-7761-4232-8727-C35F989A084C}.Debug|Any CPU.Build.0 = Debug|Any CPU
		{790DB53F-7761-4232-8727-C35F989A084C}.Debug|x64.ActiveCfg = Debug|Any CPU
		{790DB53F-7761-4232-8727-C35F989A084C}.Debug|x64.Build.0 = Debug|Any CPU
		{790DB53F-7761-4232-8727-C35F989A084C}.Debug|x86.ActiveCfg = Debug|Any CPU
		{790DB53F-7761-4232-8727-C35F989A084C}.Debug|x86.Build.0 = Debug|Any CPU
		{790DB53F-7761-4232-8727-C35F989A084C}.Release|Any CPU.ActiveCfg = Release|Any CPU
		{790DB53F-7761-4232-8727-C35F989A084C}.Release|Any CPU.Build.0 = Release|Any CPU
		{790DB53F-7761-4232-8727-C35F989A084C}.Release|x64.ActiveCfg = Release|Any CPU
		{790DB53F-7761-4232-8727-C35F989A084C}.Release|x64.Build.0 = Release|Any CPU
		{790DB53F-7761-4232-8727-C35F989A084C}.Release|x86.ActiveCfg = Release|Any CPU
		{790DB53F-7761-4232-8727-C35F989A084C}.Release|x86.Build.0 = Release|Any CPU
		{8259F458-34E5-4C7E-B541-6CF8C434D815}.Debug|Any CPU.ActiveCfg = Debug|Any CPU
		{8259F458-34E5-4C7E-B541-6CF8C434D815}.Debug|Any CPU.Build.0 = Debug|Any CPU
		{8259F458-34E5-4C7E-B541-6CF8C434D815}.Debug|x64.ActiveCfg = Debug|Any CPU
		{8259F458-34E5-4C7E-B541-6CF8C434D815}.Debug|x64.Build.0 = Debug|Any CPU
		{8259F458-34E5-4C7E-B541-6CF8C434D815}.Debug|x86.ActiveCfg = Debug|Any CPU
		{8259F458-34E5-4C7E-B541-6CF8C434D815}.Debug|x86.Build.0 = Debug|Any CPU
		{8259F458-34E5-4C7E-B541-6CF8C434D815}.Release|Any CPU.ActiveCfg = Release|Any CPU
		{8259F458-34E5-4C7E-B541-6CF8C434D815}.Release|Any CPU.Build.0 = Release|Any CPU
		{8259F458-34E5-4C7E-B541-6CF8C434D815}.Release|x64.ActiveCfg = Release|Any CPU
		{8259F458-34E5-4C7E-B541-6CF8C434D815}.Release|x64.Build.0 = Release|Any CPU
		{8259F458-34E5-4C7E-B541-6CF8C434D815}.Release|x86.ActiveCfg = Release|Any CPU
		{8259F458-34E5-4C7E-B541-6CF8C434D815}.Release|x86.Build.0 = Release|Any CPU
		{105F7FC4-1F2C-447C-8653-B1D46265FACF}.Debug|Any CPU.ActiveCfg = Debug|Any CPU
		{105F7FC4-1F2C-447C-8653-B1D46265FACF}.Debug|Any CPU.Build.0 = Debug|Any CPU
		{105F7FC4-1F2C-447C-8653-B1D46265FACF}.Debug|x64.ActiveCfg = Debug|Any CPU
		{105F7FC4-1F2C-447C-8653-B1D46265FACF}.Debug|x64.Build.0 = Debug|Any CPU
		{105F7FC4-1F2C-447C-8653-B1D46265FACF}.Debug|x86.ActiveCfg = Debug|Any CPU
		{105F7FC4-1F2C-447C-8653-B1D46265FACF}.Debug|x86.Build.0 = Debug|Any CPU
		{105F7FC4-1F2C-447C-8653-B1D46265FACF}.Release|Any CPU.ActiveCfg = Release|Any CPU
		{105F7FC4-1F2C-447C-8653-B1D46265FACF}.Release|Any CPU.Build.0 = Release|Any CPU
		{105F7FC4-1F2C-447C-8653-B1D46265FACF}.Release|x64.ActiveCfg = Release|Any CPU
		{105F7FC4-1F2C-447C-8653-B1D46265FACF}.Release|x64.Build.0 = Release|Any CPU
		{105F7FC4-1F2C-447C-8653-B1D46265FACF}.Release|x86.ActiveCfg = Release|Any CPU
		{105F7FC4-1F2C-447C-8653-B1D46265FACF}.Release|x86.Build.0 = Release|Any CPU
		{53C52B1C-8116-4EB3-8EA0-E8F11293D0BF}.Debug|Any CPU.ActiveCfg = Debug|Any CPU
		{53C52B1C-8116-4EB3-8EA0-E8F11293D0BF}.Debug|Any CPU.Build.0 = Debug|Any CPU
		{53C52B1C-8116-4EB3-8EA0-E8F11293D0BF}.Debug|x64.ActiveCfg = Debug|Any CPU
		{53C52B1C-8116-4EB3-8EA0-E8F11293D0BF}.Debug|x64.Build.0 = Debug|Any CPU
		{53C52B1C-8116-4EB3-8EA0-E8F11293D0BF}.Debug|x86.ActiveCfg = Debug|Any CPU
		{53C52B1C-8116-4EB3-8EA0-E8F11293D0BF}.Debug|x86.Build.0 = Debug|Any CPU
		{53C52B1C-8116-4EB3-8EA0-E8F11293D0BF}.Release|Any CPU.ActiveCfg = Release|Any CPU
		{53C52B1C-8116-4EB3-8EA0-E8F11293D0BF}.Release|Any CPU.Build.0 = Release|Any CPU
		{53C52B1C-8116-4EB3-8EA0-E8F11293D0BF}.Release|x64.ActiveCfg = Release|Any CPU
		{53C52B1C-8116-4EB3-8EA0-E8F11293D0BF}.Release|x64.Build.0 = Release|Any CPU
		{53C52B1C-8116-4EB3-8EA0-E8F11293D0BF}.Release|x86.ActiveCfg = Release|Any CPU
		{53C52B1C-8116-4EB3-8EA0-E8F11293D0BF}.Release|x86.Build.0 = Release|Any CPU
	EndGlobalSection
	GlobalSection(SolutionProperties) = preSolution
		HideSolutionNode = FALSE
	EndGlobalSection
	GlobalSection(NestedProjects) = preSolution
		{8D626EA8-CB54-BC41-363A-217881BEBA6E} = {827E0CD3-B72D-47B6-A68D-7590B98EB39B}
		{92648A41-8BDC-4081-B52E-CE7935ED0D2E} = {8D626EA8-CB54-BC41-363A-217881BEBA6E}
		{22BAF98C-8415-17C4-B26A-D537657BC863} = {827E0CD3-B72D-47B6-A68D-7590B98EB39B}
		{BE392C7E-6953-4659-A3EC-F47671E0BD23} = {22BAF98C-8415-17C4-B26A-D537657BC863}
		{9048EB7F-3875-A59E-E36B-5BD4C6F2A282} = {827E0CD3-B72D-47B6-A68D-7590B98EB39B}
		{E4A3BFAD-0950-4439-A3F8-83F24E2F46F9} = {9048EB7F-3875-A59E-E36B-5BD4C6F2A282}
		{81034408-37C8-1011-444E-4C15C2FADA8E} = {827E0CD3-B72D-47B6-A68D-7590B98EB39B}
		{A35F463E-6EBF-4E0D-A1FD-D7150CF2DA71} = {81034408-37C8-1011-444E-4C15C2FADA8E}
		{6996BBF7-DB31-59BC-C7DD-9A7CCC6138C4} = {827E0CD3-B72D-47B6-A68D-7590B98EB39B}
		{85450C5C-4571-4174-B71E-642055B05AB1} = {6996BBF7-DB31-59BC-C7DD-9A7CCC6138C4}
		{1392C798-F5F7-4EEB-85B0-53F4F8351254} = {6996BBF7-DB31-59BC-C7DD-9A7CCC6138C4}
		{63FF8D8A-49B3-422F-9F3D-157564337C49} = {0AB3BF05-4346-4AA6-1389-037BE0695223}
		{BF7FC385-4F80-4DED-88E6-06FE05D3360A} = {0AB3BF05-4346-4AA6-1389-037BE0695223}
		{790DB53F-7761-4232-8727-C35F989A084C} = {0AB3BF05-4346-4AA6-1389-037BE0695223}
		{8259F458-34E5-4C7E-B541-6CF8C434D815} = {0AB3BF05-4346-4AA6-1389-037BE0695223}
		{105F7FC4-1F2C-447C-8653-B1D46265FACF} = {6996BBF7-DB31-59BC-C7DD-9A7CCC6138C4}
		{53C52B1C-8116-4EB3-8EA0-E8F11293D0BF} = {6996BBF7-DB31-59BC-C7DD-9A7CCC6138C4}
	EndGlobalSection
	GlobalSection(ExtensibilityGlobals) = postSolution
		SolutionGuid = {1D5EF850-4DAA-4829-AADF-BD2EA83FBA9B}
	EndGlobalSection
EndGlobal
